
Microsoft Visual Studio Solution File, Format Version 12.00
# Visual Studio Version 17
VisualStudioVersion = 17.0.31903.59
MinimumVisualStudioVersion = 10.0.40219.1
Project("{FAE04EC0-301F-11D3-BF4B-00C04F79EFBC}") = "FirstConsumer", "FirstConsumer\FirstConsumer.csproj", "{C518CEF9-77D0-4B66-9BDE-4ABBC0525BF3}"
EndProject
Project("{FAE04EC0-301F-11D3-BF4B-00C04F79EFBC}") = "SecondConsumer", "SecondConsumer\SecondConsumer.csproj", "{54F98685-B891-4BB8-8539-A16424822C33}"
EndProject
Project("{FAE04EC0-301F-11D3-BF4B-00C04F79EFBC}") = "Producer", "Producer\Producer.csproj", "{142BC587-F8FF-4CF7-A4A8-D2482354D50F}"
EndProject
Global
	GlobalSection(SolutionConfigurationPlatforms) = preSolution
		Debug|Any CPU = Debug|Any CPU
		Release|Any CPU = Release|Any CPU
	EndGlobalSection
	GlobalSection(SolutionProperties) = preSolution
		HideSolutionNode = FALSE
	EndGlobalSection
	GlobalSection(ProjectConfigurationPlatforms) = postSolution
		{C518CEF9-77D0-4B66-9BDE-4ABBC0525BF3}.Debug|Any CPU.ActiveCfg = Debug|Any CPU
		{C518CEF9-77D0-4B66-9BDE-4ABBC0525BF3}.Debug|Any CPU.Build.0 = Debug|Any CPU
		{C518CEF9-77D0-4B66-9BDE-4ABBC0525BF3}.Release|Any CPU.ActiveCfg = Release|Any CPU
		{C518CEF9-77D0-4B66-9BDE-4ABBC0525BF3}.Release|Any CPU.Build.0 = Release|Any CPU
		{54F98685-B891-4BB8-8539-A16424822C33}.Debug|Any CPU.ActiveCfg = Debug|Any CPU
		{54F98685-B891-4BB8-8539-A16424822C33}.Debug|Any CPU.Build.0 = Debug|Any CPU
		{54F98685-B891-4BB8-8539-A16424822C33}.Release|Any CPU.ActiveCfg = Release|Any CPU
		{54F98685-B891-4BB8-8539-A16424822C33}.Release|Any CPU.Build.0 = Release|Any CPU
		{142BC587-F8FF-4CF7-A4A8-D2482354D50F}.Debug|Any CPU.ActiveCfg = Debug|Any CPU
		{142BC587-F8FF-4CF7-A4A8-D2482354D50F}.Debug|Any CPU.Build.0 = Debug|Any CPU
		{142BC587-F8FF-4CF7-A4A8-D2482354D50F}.Release|Any CPU.ActiveCfg = Release|Any CPU
		{142BC587-F8FF-4CF7-A4A8-D2482354D50F}.Release|Any CPU.Build.0 = Release|Any CPU
	EndGlobalSection
EndGlobal
